// !$*UTF8*$!
{
	archiveVersion = 1;
	classes = {
	};
	objectVersion = 77;
	objects = {

/* Begin PBXBuildFile section */
		60E9EC2C2CDC5C7D00EAEE79 /* PersonNavigationCardView.swift in Sources */ = {isa = PBXBuildFile; fileRef = 60E9EC2B2CDC5C7D00EAEE79 /* PersonNavigationCardView.swift */; };
		60E9EC5A2CDC9A0700EAEE79 /* PersonDetailView.swift in Sources */ = {isa = PBXBuildFile; fileRef = 60E9EC592CDC9A0700EAEE79 /* PersonDetailView.swift */; };
/* End PBXBuildFile section */

/* Begin PBXContainerItemProxy section */
		60413F102CDB46C0002EDB0E /* PBXContainerItemProxy */ = {
			isa = PBXContainerItemProxy;
			containerPortal = 60413EF72CDB46BE002EDB0E /* Project object */;
			proxyType = 1;
			remoteGlobalIDString = 60413EFE2CDB46BE002EDB0E;
			remoteInfo = Amigos;
		};
		60413F1A2CDB46C1002EDB0E /* PBXContainerItemProxy */ = {
			isa = PBXContainerItemProxy;
			containerPortal = 60413EF72CDB46BE002EDB0E /* Project object */;
			proxyType = 1;
			remoteGlobalIDString = 60413EFE2CDB46BE002EDB0E;
			remoteInfo = Amigos;
		};
/* End PBXContainerItemProxy section */

/* Begin PBXFileReference section */
		60413EFF2CDB46BE002EDB0E /* Amigos.app */ = {isa = PBXFileReference; explicitFileType = wrapper.application; includeInIndex = 0; path = Amigos.app; sourceTree = BUILT_PRODUCTS_DIR; };
		60413F0F2CDB46C0002EDB0E /* AmigosTests.xctest */ = {isa = PBXFileReference; explicitFileType = wrapper.cfbundle; includeInIndex = 0; path = AmigosTests.xctest; sourceTree = BUILT_PRODUCTS_DIR; };
		60413F192CDB46C1002EDB0E /* AmigosUITests.xctest */ = {isa = PBXFileReference; explicitFileType = wrapper.cfbundle; includeInIndex = 0; path = AmigosUITests.xctest; sourceTree = BUILT_PRODUCTS_DIR; };
		60E9EC2B2CDC5C7D00EAEE79 /* PersonNavigationCardView.swift */ = {isa = PBXFileReference; lastKnownFileType = sourcecode.swift; path = PersonNavigationCardView.swift; sourceTree = "<group>"; };
		60E9EC592CDC9A0700EAEE79 /* PersonDetailView.swift */ = {isa = PBXFileReference; lastKnownFileType = sourcecode.swift; path = PersonDetailView.swift; sourceTree = "<group>"; };
/* End PBXFileReference section */

/* Begin PBXFileSystemSynchronizedRootGroup section */
		60413F012CDB46BE002EDB0E /* Amigos */ = {
			isa = PBXFileSystemSynchronizedRootGroup;
			path = Amigos;
			sourceTree = "<group>";
		};
		60413F122CDB46C0002EDB0E /* AmigosTests */ = {
			isa = PBXFileSystemSynchronizedRootGroup;
			path = AmigosTests;
			sourceTree = "<group>";
		};
		60413F1C2CDB46C1002EDB0E /* AmigosUITests */ = {
			isa = PBXFileSystemSynchronizedRootGroup;
			path = AmigosUITests;
			sourceTree = "<group>";
		};
/* End PBXFileSystemSynchronizedRootGroup section */

/* Begin PBXFrameworksBuildPhase section */
		60413EFC2CDB46BE002EDB0E /* Frameworks */ = {
			isa = PBXFrameworksBuildPhase;
			buildActionMask = 2147483647;
			files = (
			);
			runOnlyForDeploymentPostprocessing = 0;
		};
		60413F0C2CDB46C0002EDB0E /* Frameworks */ = {
			isa = PBXFrameworksBuildPhase;
			buildActionMask = 2147483647;
			files = (
			);
			runOnlyForDeploymentPostprocessing = 0;
		};
		60413F162CDB46C1002EDB0E /* Frameworks */ = {
			isa = PBXFrameworksBuildPhase;
			buildActionMask = 2147483647;
			files = (
			);
			runOnlyForDeploymentPostprocessing = 0;
		};
/* End PBXFrameworksBuildPhase section */

/* Begin PBXGroup section */
		60413EF62CDB46BE002EDB0E = {
			isa = PBXGroup;
			children = (
				60E9EC592CDC9A0700EAEE79 /* PersonDetailView.swift */,
				60E9EC2B2CDC5C7D00EAEE79 /* PersonNavigationCardView.swift */,
				60413F012CDB46BE002EDB0E /* Amigos */,
				60413F122CDB46C0002EDB0E /* AmigosTests */,
				60413F1C2CDB46C1002EDB0E /* AmigosUITests */,
				60413F002CDB46BE002EDB0E /* Products */,
			);
			sourceTree = "<group>";
		};
		60413F002CDB46BE002EDB0E /* Products */ = {
			isa = PBXGroup;
			children = (
				60413EFF2CDB46BE002EDB0E /* Amigos.app */,
				60413F0F2CDB46C0002EDB0E /* AmigosTests.xctest */,
				60413F192CDB46C1002EDB0E /* AmigosUITests.xctest */,
			);
			name = Products;
			sourceTree = "<group>";
		};
/* End PBXGroup section */

/* Begin PBXNativeTarget section */
		60413EFE2CDB46BE002EDB0E /* Amigos */ = {
			isa = PBXNativeTarget;
			buildConfigurationList = 60413F232CDB46C1002EDB0E /* Build configuration list for PBXNativeTarget "Amigos" */;
			buildPhases = (
				60413EFB2CDB46BE002EDB0E /* Sources */,
				60413EFC2CDB46BE002EDB0E /* Frameworks */,
				60413EFD2CDB46BE002EDB0E /* Resources */,
			);
			buildRules = (
			);
			dependencies = (
			);
			fileSystemSynchronizedGroups = (
				60413F012CDB46BE002EDB0E /* Amigos */,
			);
			name = Amigos;
			packageProductDependencies = (
			);
			productName = Amigos;
			productReference = 60413EFF2CDB46BE002EDB0E /* Amigos.app */;
			productType = "com.apple.product-type.application";
		};
		60413F0E2CDB46C0002EDB0E /* AmigosTests */ = {
			isa = PBXNativeTarget;
			buildConfigurationList = 60413F262CDB46C1002EDB0E /* Build configuration list for PBXNativeTarget "AmigosTests" */;
			buildPhases = (
				60413F0B2CDB46C0002EDB0E /* Sources */,
				60413F0C2CDB46C0002EDB0E /* Frameworks */,
				60413F0D2CDB46C0002EDB0E /* Resources */,
			);
			buildRules = (
			);
			dependencies = (
				60413F112CDB46C0002EDB0E /* PBXTargetDependency */,
			);
			fileSystemSynchronizedGroups = (
				60413F122CDB46C0002EDB0E /* AmigosTests */,
			);
			name = AmigosTests;
			packageProductDependencies = (
			);
			productName = AmigosTests;
			productReference = 60413F0F2CDB46C0002EDB0E /* AmigosTests.xctest */;
			productType = "com.apple.product-type.bundle.unit-test";
		};
		60413F182CDB46C1002EDB0E /* AmigosUITests */ = {
			isa = PBXNativeTarget;
			buildConfigurationList = 60413F292CDB46C1002EDB0E /* Build configuration list for PBXNativeTarget "AmigosUITests" */;
			buildPhases = (
				60413F152CDB46C1002EDB0E /* Sources */,
				60413F162CDB46C1002EDB0E /* Frameworks */,
				60413F172CDB46C1002EDB0E /* Resources */,
			);
			buildRules = (
			);
			dependencies = (
				60413F1B2CDB46C1002EDB0E /* PBXTargetDependency */,
			);
			fileSystemSynchronizedGroups = (
				60413F1C2CDB46C1002EDB0E /* AmigosUITests */,
			);
			name = AmigosUITests;
			packageProductDependencies = (
			);
			productName = AmigosUITests;
			productReference = 60413F192CDB46C1002EDB0E /* AmigosUITests.xctest */;
			productType = "com.apple.product-type.bundle.ui-testing";
		};
/* End PBXNativeTarget section */

/* Begin PBXProject section */
		60413EF72CDB46BE002EDB0E /* Project object */ = {
			isa = PBXProject;
			attributes = {
				BuildIndependentTargetsInParallel = 1;
				LastSwiftUpdateCheck = 1600;
				LastUpgradeCheck = 1600;
				TargetAttributes = {
					60413EFE2CDB46BE002EDB0E = {
						CreatedOnToolsVersion = 16.0;
					};
					60413F0E2CDB46C0002EDB0E = {
						CreatedOnToolsVersion = 16.0;
						TestTargetID = 60413EFE2CDB46BE002EDB0E;
					};
					60413F182CDB46C1002EDB0E = {
						CreatedOnToolsVersion = 16.0;
						TestTargetID = 60413EFE2CDB46BE002EDB0E;
					};
				};
			};
			buildConfigurationList = 60413EFA2CDB46BE002EDB0E /* Build configuration list for PBXProject "Amigos" */;
			developmentRegion = en;
			hasScannedForEncodings = 0;
			knownRegions = (
				en,
				Base,
			);
			mainGroup = 60413EF62CDB46BE002EDB0E;
			minimizedProjectReferenceProxies = 1;
			preferredProjectObjectVersion = 77;
			productRefGroup = 60413F002CDB46BE002EDB0E /* Products */;
			projectDirPath = "";
			projectRoot = "";
			targets = (
				60413EFE2CDB46BE002EDB0E /* Amigos */,
				60413F0E2CDB46C0002EDB0E /* AmigosTests */,
				60413F182CDB46C1002EDB0E /* AmigosUITests */,
			);
		};
/* End PBXProject section */

/* Begin PBXResourcesBuildPhase section */
		60413EFD2CDB46BE002EDB0E /* Resources */ = {
			isa = PBXResourcesBuildPhase;
			buildActionMask = 2147483647;
			files = (
			);
			runOnlyForDeploymentPostprocessing = 0;
		};
		60413F0D2CDB46C0002EDB0E /* Resources */ = {
			isa = PBXResourcesBuildPhase;
			buildActionMask = 2147483647;
			files = (
			);
			runOnlyForDeploymentPostprocessing = 0;
		};
		60413F172CDB46C1002EDB0E /* Resources */ = {
			isa = PBXResourcesBuildPhase;
			buildActionMask = 2147483647;
			files = (
			);
			runOnlyForDeploymentPostprocessing = 0;
		};
/* End PBXResourcesBuildPhase section */

/* Begin PBXSourcesBuildPhase section */
		60413EFB2CDB46BE002EDB0E /* Sources */ = {
			isa = PBXSourcesBuildPhase;
			buildActionMask = 2147483647;
			files = (
				60E9EC2C2CDC5C7D00EAEE79 /* PersonNavigationCardView.swift in Sources */,
				60E9EC5A2CDC9A0700EAEE79 /* PersonDetailView.swift in Sources */,
			);
			runOnlyForDeploymentPostprocessing = 0;
		};
		60413F0B2CDB46C0002EDB0E /* Sources */ = {
			isa = PBXSourcesBuildPhase;
			buildActionMask = 2147483647;
			files = (
			);
			runOnlyForDeploymentPostprocessing = 0;
		};
		60413F152CDB46C1002EDB0E /* Sources */ = {
			isa = PBXSourcesBuildPhase;
			buildActionMask = 2147483647;
			files = (
			);
			runOnlyForDeploymentPostprocessing = 0;
		};
/* End PBXSourcesBuildPhase section */

/* Begin PBXTargetDependency section */
		60413F112CDB46C0002EDB0E /* PBXTargetDependency */ = {
			isa = PBXTargetDependency;
			target = 60413EFE2CDB46BE002EDB0E /* Amigos */;
			targetProxy = 60413F102CDB46C0002EDB0E /* PBXContainerItemProxy */;
		};
		60413F1B2CDB46C1002EDB0E /* PBXTargetDependency */ = {
			isa = PBXTargetDependency;
			target = 60413EFE2CDB46BE002EDB0E /* Amigos */;
			targetProxy = 60413F1A2CDB46C1002EDB0E /* PBXContainerItemProxy */;
		};
/* End PBXTargetDependency section */

/* Begin XCBuildConfiguration section */
		60413F212CDB46C1002EDB0E /* Debug */ = {
			isa = XCBuildConfiguration;
			buildSettings = {
				ALWAYS_SEARCH_USER_PATHS = NO;
				ASSETCATALOG_COMPILER_GENERATE_SWIFT_ASSET_SYMBOL_EXTENSIONS = YES;
				CLANG_ANALYZER_NONNULL = YES;
				CLANG_ANALYZER_NUMBER_OBJECT_CONVERSION = YES_AGGRESSIVE;
				CLANG_CXX_LANGUAGE_STANDARD = "gnu++20";
				CLANG_ENABLE_MODULES = YES;
				CLANG_ENABLE_OBJC_ARC = YES;
				CLANG_ENABLE_OBJC_WEAK = YES;
				CLANG_WARN_BLOCK_CAPTURE_AUTORELEASING = YES;
				CLANG_WARN_BOOL_CONVERSION = YES;
				CLANG_WARN_COMMA = YES;
				CLANG_WARN_CONSTANT_CONVERSION = YES;
				CLANG_WARN_DEPRECATED_OBJC_IMPLEMENTATIONS = YES;
				CLANG_WARN_DIRECT_OBJC_ISA_USAGE = YES_ERROR;
				CLANG_WARN_DOCUMENTATION_COMMENTS = YES;
				CLANG_WARN_EMPTY_BODY = YES;
				CLANG_WARN_ENUM_CONVERSION = YES;
				CLANG_WARN_INFINITE_RECURSION = YES;
				CLANG_WARN_INT_CONVERSION = YES;
				CLANG_WARN_NON_LITERAL_NULL_CONVERSION = YES;
				CLANG_WARN_OBJC_IMPLICIT_RETAIN_SELF = YES;
				CLANG_WARN_OBJC_LITERAL_CONVERSION = YES;
				CLANG_WARN_OBJC_ROOT_CLASS = YES_ERROR;
				CLANG_WARN_QUOTED_INCLUDE_IN_FRAMEWORK_HEADER = YES;
				CLANG_WARN_RANGE_LOOP_ANALYSIS = YES;
				CLANG_WARN_STRICT_PROTOTYPES = YES;
				CLANG_WARN_SUSPICIOUS_MOVE = YES;
				CLANG_WARN_UNGUARDED_AVAILABILITY = YES_AGGRESSIVE;
				CLANG_WARN_UNREACHABLE_CODE = YES;
				CLANG_WARN__DUPLICATE_METHOD_MATCH = YES;
				COPY_PHASE_STRIP = NO;
				DEBUG_INFORMATION_FORMAT = dwarf;
				ENABLE_STRICT_OBJC_MSGSEND = YES;
				ENABLE_TESTABILITY = YES;
				ENABLE_USER_SCRIPT_SANDBOXING = YES;
				GCC_C_LANGUAGE_STANDARD = gnu17;
				GCC_DYNAMIC_NO_PIC = NO;
				GCC_NO_COMMON_BLOCKS = YES;
				GCC_OPTIMIZATION_LEVEL = 0;
				GCC_PREPROCESSOR_DEFINITIONS = (
					"DEBUG=1",
					"$(inherited)",
				);
				GCC_WARN_64_TO_32_BIT_CONVERSION = YES;
				GCC_WARN_ABOUT_RETURN_TYPE = YES_ERROR;
				GCC_WARN_UNDECLARED_SELECTOR = YES;
				GCC_WARN_UNINITIALIZED_AUTOS = YES_AGGRESSIVE;
				GCC_WARN_UNUSED_FUNCTION = YES;
				GCC_WARN_UNUSED_VARIABLE = YES;
				IPHONEOS_DEPLOYMENT_TARGET = 18.0;
				LOCALIZATION_PREFERS_STRING_CATALOGS = YES;
				MTL_ENABLE_DEBUG_INFO = INCLUDE_SOURCE;
				MTL_FAST_MATH = YES;
				ONLY_ACTIVE_ARCH = YES;
				SDKROOT = iphoneos;
				SWIFT_ACTIVE_COMPILATION_CONDITIONS = "DEBUG $(inherited)";
				SWIFT_OPTIMIZATION_LEVEL = "-Onone";
			};
			name = Debug;
		};
		60413F222CDB46C1002EDB0E /* Release */ = {
			isa = XCBuildConfiguration;
			buildSettings = {
				ALWAYS_SEARCH_USER_PATHS = NO;
				ASSETCATALOG_COMPILER_GENERATE_SWIFT_ASSET_SYMBOL_EXTENSIONS = YES;
				CLANG_ANALYZER_NONNULL = YES;
				CLANG_ANALYZER_NUMBER_OBJECT_CONVERSION = YES_AGGRESSIVE;
				CLANG_CXX_LANGUAGE_STANDARD = "gnu++20";
				CLANG_ENABLE_MODULES = YES;
				CLANG_ENABLE_OBJC_ARC = YES;
				CLANG_ENABLE_OBJC_WEAK = YES;
				CLANG_WARN_BLOCK_CAPTURE_AUTORELEASING = YES;
				CLANG_WARN_BOOL_CONVERSION = YES;
				CLANG_WARN_COMMA = YES;
				CLANG_WARN_CONSTANT_CONVERSION = YES;
				CLANG_WARN_DEPRECATED_OBJC_IMPLEMENTATIONS = YES;
				CLANG_WARN_DIRECT_OBJC_ISA_USAGE = YES_ERROR;
				CLANG_WARN_DOCUMENTATION_COMMENTS = YES;
				CLANG_WARN_EMPTY_BODY = YES;
				CLANG_WARN_ENUM_CONVERSION = YES;
				CLANG_WARN_INFINITE_RECURSION = YES;
				CLANG_WARN_INT_CONVERSION = YES;
				CLANG_WARN_NON_LITERAL_NULL_CONVERSION = YES;
				CLANG_WARN_OBJC_IMPLICIT_RETAIN_SELF = YES;
				CLANG_WARN_OBJC_LITERAL_CONVERSION = YES;
				CLANG_WARN_OBJC_ROOT_CLASS = YES_ERROR;
				CLANG_WARN_QUOTED_INCLUDE_IN_FRAMEWORK_HEADER = YES;
				CLANG_WARN_RANGE_LOOP_ANALYSIS = YES;
				CLANG_WARN_STRICT_PROTOTYPES = YES;
				CLANG_WARN_SUSPICIOUS_MOVE = YES;
				CLANG_WARN_UNGUARDED_AVAILABILITY = YES_AGGRESSIVE;
				CLANG_WARN_UNREACHABLE_CODE = YES;
				CLANG_WARN__DUPLICATE_METHOD_MATCH = YES;
				COPY_PHASE_STRIP = NO;
				DEBUG_INFORMATION_FORMAT = "dwarf-with-dsym";
				ENABLE_NS_ASSERTIONS = NO;
				ENABLE_STRICT_OBJC_MSGSEND = YES;
				ENABLE_USER_SCRIPT_SANDBOXING = YES;
				GCC_C_LANGUAGE_STANDARD = gnu17;
				GCC_NO_COMMON_BLOCKS = YES;
				GCC_WARN_64_TO_32_BIT_CONVERSION = YES;
				GCC_WARN_ABOUT_RETURN_TYPE = YES_ERROR;
				GCC_WARN_UNDECLARED_SELECTOR = YES;
				GCC_WARN_UNINITIALIZED_AUTOS = YES_AGGRESSIVE;
				GCC_WARN_UNUSED_FUNCTION = YES;
				GCC_WARN_UNUSED_VARIABLE = YES;
				IPHONEOS_DEPLOYMENT_TARGET = 18.0;
				LOCALIZATION_PREFERS_STRING_CATALOGS = YES;
				MTL_ENABLE_DEBUG_INFO = NO;
				MTL_FAST_MATH = YES;
				SDKROOT = iphoneos;
				SWIFT_COMPILATION_MODE = wholemodule;
				VALIDATE_PRODUCT = YES;
			};
			name = Release;
		};
		60413F242CDB46C1002EDB0E /* Debug */ = {
			isa = XCBuildConfiguration;
			buildSettings = {
				ASSETCATALOG_COMPILER_APPICON_NAME = AppIcon;
				ASSETCATALOG_COMPILER_GLOBAL_ACCENT_COLOR_NAME = AccentColor;
				CODE_SIGN_STYLE = Automatic;
				CURRENT_PROJECT_VERSION = 1;
				DEVELOPMENT_ASSET_PATHS = "\"Amigos/Preview Content\"";
				ENABLE_PREVIEWS = YES;
				GENERATE_INFOPLIST_FILE = YES;
				INFOPLIST_KEY_UIApplicationSceneManifest_Generation = YES;
				INFOPLIST_KEY_UIApplicationSupportsIndirectInputEvents = YES;
				INFOPLIST_KEY_UILaunchScreen_Generation = YES;
				INFOPLIST_KEY_UISupportedInterfaceOrientations_iPad = "UIInterfaceOrientationPortrait UIInterfaceOrientationPortraitUpsideDown UIInterfaceOrientationLandscapeLeft UIInterfaceOrientationLandscapeRight";
				INFOPLIST_KEY_UISupportedInterfaceOrientations_iPhone = "UIInterfaceOrientationPortrait UIInterfaceOrientationLandscapeLeft UIInterfaceOrientationLandscapeRight";
				LD_RUNPATH_SEARCH_PATHS = (
					"$(inherited)",
					"@executable_path/Frameworks",
				);
				MARKETING_VERSION = 1.0;
				PRODUCT_BUNDLE_IDENTIFIER = bibek.Amigos;
				PRODUCT_NAME = "$(TARGET_NAME)";
				SWIFT_EMIT_LOC_STRINGS = YES;
				SWIFT_VERSION = 5.0;
				TARGETED_DEVICE_FAMILY = "1,2";
			};
			name = Debug;
		};
		60413F252CDB46C1002EDB0E /* Release */ = {
			isa = XCBuildConfiguration;
			buildSettings = {
				ASSETCATALOG_COMPILER_APPICON_NAME = AppIcon;
				ASSETCATALOG_COMPILER_GLOBAL_ACCENT_COLOR_NAME = AccentColor;
				CODE_SIGN_STYLE = Automatic;
				CURRENT_PROJECT_VERSION = 1;
				DEVELOPMENT_ASSET_PATHS = "\"Amigos/Preview Content\"";
				ENABLE_PREVIEWS = YES;
				GENERATE_INFOPLIST_FILE = YES;
				INFOPLIST_KEY_UIApplicationSceneManifest_Generation = YES;
				INFOPLIST_KEY_UIApplicationSupportsIndirectInputEvents = YES;
				INFOPLIST_KEY_UILaunchScreen_Generation = YES;
				INFOPLIST_KEY_UISupportedInterfaceOrientations_iPad = "UIInterfaceOrientationPortrait UIInterfaceOrientationPortraitUpsideDown UIInterfaceOrientationLandscapeLeft UIInterfaceOrientationLandscapeRight";
				INFOPLIST_KEY_UISupportedInterfaceOrientations_iPhone = "UIInterfaceOrientationPortrait UIInterfaceOrientationLandscapeLeft UIInterfaceOrientationLandscapeRight";
				LD_RUNPATH_SEARCH_PATHS = (
					"$(inherited)",
					"@executable_path/Frameworks",
				);
				MARKETING_VERSION = 1.0;
				PRODUCT_BUNDLE_IDENTIFIER = bibek.Amigos;
				PRODUCT_NAME = "$(TARGET_NAME)";
				SWIFT_EMIT_LOC_STRINGS = YES;
				SWIFT_VERSION = 5.0;
				TARGETED_DEVICE_FAMILY = "1,2";
			};
			name = Release;
		};
		60413F272CDB46C1002EDB0E /* Debug */ = {
			isa = XCBuildConfiguration;
			buildSettings = {
				BUNDLE_LOADER = "$(TEST_HOST)";
				CODE_SIGN_STYLE = Automatic;
				CURRENT_PROJECT_VERSION = 1;
				GENERATE_INFOPLIST_FILE = YES;
				IPHONEOS_DEPLOYMENT_TARGET = 18.0;
				MARKETING_VERSION = 1.0;
				PRODUCT_BUNDLE_IDENTIFIER = bibek.AmigosTests;
				PRODUCT_NAME = "$(TARGET_NAME)";
				SWIFT_EMIT_LOC_STRINGS = NO;
				SWIFT_VERSION = 5.0;
				TARGETED_DEVICE_FAMILY = "1,2";
				TEST_HOST = "$(BUILT_PRODUCTS_DIR)/Amigos.app/$(BUNDLE_EXECUTABLE_FOLDER_PATH)/Amigos";
			};
			name = Debug;
		};
		60413F282CDB46C1002EDB0E /* Release */ = {
			isa = XCBuildConfiguration;
			buildSettings = {
				BUNDLE_LOADER = "$(TEST_HOST)";
				CODE_SIGN_STYLE = Automatic;
				CURRENT_PROJECT_VERSION = 1;
				GENERATE_INFOPLIST_FILE = YES;
				IPHONEOS_DEPLOYMENT_TARGET = 18.0;
				MARKETING_VERSION = 1.0;
				PRODUCT_BUNDLE_IDENTIFIER = bibek.AmigosTests;
				PRODUCT_NAME = "$(TARGET_NAME)";
				SWIFT_EMIT_LOC_STRINGS = NO;
				SWIFT_VERSION = 5.0;
				TARGETED_DEVICE_FAMILY = "1,2";
				TEST_HOST = "$(BUILT_PRODUCTS_DIR)/Amigos.app/$(BUNDLE_EXECUTABLE_FOLDER_PATH)/Amigos";
			};
			name = Release;
		};
		60413F2A2CDB46C1002EDB0E /* Debug */ = {
			isa = XCBuildConfiguration;
			buildSettings = {
				CODE_SIGN_STYLE = Automatic;
				CURRENT_PROJECT_VERSION = 1;
				GENERATE_INFOPLIST_FILE = YES;
				MARKETING_VERSION = 1.0;
				PRODUCT_BUNDLE_IDENTIFIER = bibek.AmigosUITests;
				PRODUCT_NAME = "$(TARGET_NAME)";
				SWIFT_EMIT_LOC_STRINGS = NO;
				SWIFT_VERSION = 5.0;
				TARGETED_DEVICE_FAMILY = "1,2";
				TEST_TARGET_NAME = Amigos;
			};
			name = Debug;
		};
		60413F2B2CDB46C1002EDB0E /* Release */ = {
			isa = XCBuildConfiguration;
			buildSettings = {
				CODE_SIGN_STYLE = Automatic;
				CURRENT_PROJECT_VERSION = 1;
				GENERATE_INFOPLIST_FILE = YES;
				MARKETING_VERSION = 1.0;
				PRODUCT_BUNDLE_IDENTIFIER = bibek.AmigosUITests;
				PRODUCT_NAME = "$(TARGET_NAME)";
				SWIFT_EMIT_LOC_STRINGS = NO;
				SWIFT_VERSION = 5.0;
				TARGETED_DEVICE_FAMILY = "1,2";
				TEST_TARGET_NAME = Amigos;
			};
			name = Release;
		};
/* End XCBuildConfiguration section */

/* Begin XCConfigurationList section */
		60413EFA2CDB46BE002EDB0E /* Build configuration list for PBXProject "Amigos" */ = {
			isa = XCConfigurationList;
			buildConfigurations = (
				60413F212CDB46C1002EDB0E /* Debug */,
				60413F222CDB46C1002EDB0E /* Release */,
			);
			defaultConfigurationIsVisible = 0;
			defaultConfigurationName = Release;
		};
		60413F232CDB46C1002EDB0E /* Build configuration list for PBXNativeTarget "Amigos" */ = {
			isa = XCConfigurationList;
			buildConfigurations = (
				60413F242CDB46C1002EDB0E /* Debug */,
				60413F252CDB46C1002EDB0E /* Release */,
			);
			defaultConfigurationIsVisible = 0;
			defaultConfigurationName = Release;
		};
		60413F262CDB46C1002EDB0E /* Build configuration list for PBXNativeTarget "AmigosTests" */ = {
			isa = XCConfigurationList;
			buildConfigurations = (
				60413F272CDB46C1002EDB0E /* Debug */,
				60413F282CDB46C1002EDB0E /* Release */,
			);
			defaultConfigurationIsVisible = 0;
			defaultConfigurationName = Release;
		};
		60413F292CDB46C1002EDB0E /* Build configuration list for PBXNativeTarget "AmigosUITests" */ = {
			isa = XCConfigurationList;
			buildConfigurations = (
				60413F2A2CDB46C1002EDB0E /* Debug */,
				60413F2B2CDB46C1002EDB0E /* Release */,
			);
			defaultConfigurationIsVisible = 0;
			defaultConfigurationName = Release;
		};
/* End XCConfigurationList section */
	};
	rootObject = 60413EF72CDB46BE002EDB0E /* Project object */;
}
